
Microsoft Visual Studio Solution File, Format Version 12.00
# Visual Studio Version 16
VisualStudioVersion = 16.0.31829.152
MinimumVisualStudioVersion = 10.0.40219.1
Project("{FAE04EC0-301F-11D3-BF4B-00C04F79EFBC}") = "ScoringSystemWinFormsUI", "ScoringSystemWinFormsUI\ScoringSystemWinFormsUI.csproj", "{C78E304C-9927-4426-A400-48143E00E25D}"
EndProject
Global
	GlobalSection(SolutionConfigurationPlatforms) = preSolution
		Debug|Any CPU = Debug|Any CPU
		Release|Any CPU = Release|Any CPU
	EndGlobalSection
	GlobalSection(ProjectConfigurationPlatforms) = postSolution
		{C78E304C-9927-4426-A400-48143E00E25D}.Debug|Any CPU.ActiveCfg = Debug|Any CPU
		{C78E304C-9927-4426-A400-48143E00E25D}.Debug|Any CPU.Build.0 = Debug|Any CPU
		{C78E304C-9927-4426-A400-48143E00E25D}.Release|Any CPU.ActiveCfg = Release|Any CPU
		{C78E304C-9927-4426-A400-48143E00E25D}.Release|Any CPU.Build.0 = Release|Any CPU
	EndGlobalSection
	GlobalSection(SolutionProperties) = preSolution
		HideSolutionNode = FALSE
	EndGlobalSection
	GlobalSection(ExtensibilityGlobals) = postSolution
		SolutionGuid = {8FB65336-84C9-4450-88D9-D48CAC178C0B}
	EndGlobalSection
EndGlobal
